{
  "name": "cordova-plugin-wechat",
  "version": "3.2.0",
  "lockfileVersion": 1,
  "requires": true,
  "dependencies": {
    "shelljs": {
      "version": "0.5.3",
      "resolved": "https://registry.npmjs.org/shelljs/-/shelljs-0.5.3.tgz",
      "integrity": "sha512-C2FisSSW8S6TIYHHiMHN0NqzdjWfTekdMpA2FJTbRWnQMLO1RRIXEB9eVZYOlofYmjZA7fY3ChoFu09MeI3wlQ=="
    }
  }
}
